
Microsoft Visual Studio Solution File, Format Version 12.00
# Visual Studio Version 17
VisualStudioVersion = 17.5.33502.453
MinimumVisualStudioVersion = 10.0.40219.1
Project("{9A19103F-16F7-4668-BE54-9A1E7A4F7556}") = "CityBikeFiAPI", "CityBikeFiAPI.csproj", "{AAA2C73D-3C84-46D6-A7F1-DE62EDFAA0DB}"
EndProject
Global
	GlobalSection(SolutionConfigurationPlatforms) = preSolution
		Debug|Any CPU = Debug|Any CPU
		Release|Any CPU = Release|Any CPU
	EndGlobalSection
	GlobalSection(ProjectConfigurationPlatforms) = postSolution
		{AAA2C73D-3C84-46D6-A7F1-DE62EDFAA0DB}.Debug|Any CPU.ActiveCfg = Debug|Any CPU
		{AAA2C73D-3C84-46D6-A7F1-DE62EDFAA0DB}.Debug|Any CPU.Build.0 = Debug|Any CPU
		{AAA2C73D-3C84-46D6-A7F1-DE62EDFAA0DB}.Release|Any CPU.ActiveCfg = Release|Any CPU
		{AAA2C73D-3C84-46D6-A7F1-DE62EDFAA0DB}.Release|Any CPU.Build.0 = Release|Any CPU
		{FF29D533-C4BD-4D0A-BCF7-8ECF9ACFF6D2}.Debug|Any CPU.ActiveCfg = Debug|Any CPU
		{FF29D533-C4BD-4D0A-BCF7-8ECF9ACFF6D2}.Debug|Any CPU.Build.0 = Debug|Any CPU
		{FF29D533-C4BD-4D0A-BCF7-8ECF9ACFF6D2}.Release|Any CPU.ActiveCfg = Release|Any CPU
		{FF29D533-C4BD-4D0A-BCF7-8ECF9ACFF6D2}.Release|Any CPU.Build.0 = Release|Any CPU
	EndGlobalSection
	GlobalSection(SolutionProperties) = preSolution
		HideSolutionNode = FALSE
	EndGlobalSection
	GlobalSection(ExtensibilityGlobals) = postSolution
		SolutionGuid = {EEA90C95-5EE3-47D6-B01E-85A14A4AC7AB}
	EndGlobalSection
EndGlobal
